
Microsoft Visual Studio Solution File, Format Version 12.00
# Visual Studio Version 17
VisualStudioVersion = 17.11.35125.118
MinimumVisualStudioVersion = 10.0.40219.1
Project("{9A19103F-16F7-4668-BE54-9A1E7A4F7556}") = "CustomerApp", "CustomerApp\CustomerApp.csproj", "{D16EC041-92F9-48C3-8FE3-AA997AEAB8BE}"
EndProject
Project("{00D1A9C2-B5F0-4AF3-8072-F6C62B433612}") = "Sales", "Sales\Sales.sqlproj", "{581A5DC7-4033-4016-8034-2D5A702B62F1}"
EndProject
Global
	GlobalSection(SolutionConfigurationPlatforms) = preSolution
		Debug|Any CPU = Debug|Any CPU
		Release|Any CPU = Release|Any CPU
	EndGlobalSection
	GlobalSection(ProjectConfigurationPlatforms) = postSolution
		{D16EC041-92F9-48C3-8FE3-AA997AEAB8BE}.Debug|Any CPU.ActiveCfg = Debug|Any CPU
		{D16EC041-92F9-48C3-8FE3-AA997AEAB8BE}.Debug|Any CPU.Build.0 = Debug|Any CPU
		{D16EC041-92F9-48C3-8FE3-AA997AEAB8BE}.Release|Any CPU.ActiveCfg = Release|Any CPU
		{D16EC041-92F9-48C3-8FE3-AA997AEAB8BE}.Release|Any CPU.Build.0 = Release|Any CPU
		{581A5DC7-4033-4016-8034-2D5A702B62F1}.Debug|Any CPU.ActiveCfg = Debug|Any CPU
		{581A5DC7-4033-4016-8034-2D5A702B62F1}.Debug|Any CPU.Build.0 = Debug|Any CPU
		{581A5DC7-4033-4016-8034-2D5A702B62F1}.Debug|Any CPU.Deploy.0 = Debug|Any CPU
		{581A5DC7-4033-4016-8034-2D5A702B62F1}.Release|Any CPU.ActiveCfg = Release|Any CPU
		{581A5DC7-4033-4016-8034-2D5A702B62F1}.Release|Any CPU.Build.0 = Release|Any CPU
		{581A5DC7-4033-4016-8034-2D5A702B62F1}.Release|Any CPU.Deploy.0 = Release|Any CPU
	EndGlobalSection
	GlobalSection(SolutionProperties) = preSolution
		HideSolutionNode = FALSE
	EndGlobalSection
	GlobalSection(ExtensibilityGlobals) = postSolution
		SolutionGuid = {BDA05986-428C-4429-A6B3-F52ECFE90579}
	EndGlobalSection
EndGlobal
